
Microsoft Visual Studio Solution File, Format Version 12.00
# Visual Studio Version 17
VisualStudioVersion = 17.1.32407.343
MinimumVisualStudioVersion = 10.0.40219.1
Project("{9A19103F-16F7-4668-BE54-9A1E7A4F7556}") = "Onigiri", "Onigiri\Onigiri.csproj", "{6882E120-6904-45A4-9FE5-A170DC5570B1}"
EndProject
Project("{9A19103F-16F7-4668-BE54-9A1E7A4F7556}") = "OnigiriCore", "OnigiriCore\OnigiriCore.csproj", "{8B2F1500-5E20-4022-B1DA-A43380F1784E}"
EndProject
Project("{9A19103F-16F7-4668-BE54-9A1E7A4F7556}") = "OnigiriConsole", "OnigiriConsole\OnigiriConsole.csproj", "{429344A0-192C-4E32-A44E-4F98D4156296}"
EndProject
Project("{9A19103F-16F7-4668-BE54-9A1E7A4F7556}") = "OnigiriTests", "OnigiriTests\OnigiriTests.csproj", "{B2FB629E-1FBA-4200-BAF1-C72916165827}"
EndProject
Global
	GlobalSection(SolutionConfigurationPlatforms) = preSolution
		Debug|x64 = Debug|x64
		Release|x64 = Release|x64
	EndGlobalSection
	GlobalSection(ProjectConfigurationPlatforms) = postSolution
		{6882E120-6904-45A4-9FE5-A170DC5570B1}.Debug|x64.ActiveCfg = Debug|x64
		{6882E120-6904-45A4-9FE5-A170DC5570B1}.Debug|x64.Build.0 = Debug|x64
		{6882E120-6904-45A4-9FE5-A170DC5570B1}.Release|x64.ActiveCfg = Release|x64
		{6882E120-6904-45A4-9FE5-A170DC5570B1}.Release|x64.Build.0 = Release|x64
		{8B2F1500-5E20-4022-B1DA-A43380F1784E}.Debug|x64.ActiveCfg = Debug|x64
		{8B2F1500-5E20-4022-B1DA-A43380F1784E}.Debug|x64.Build.0 = Debug|x64
		{8B2F1500-5E20-4022-B1DA-A43380F1784E}.Release|x64.ActiveCfg = Release|x64
		{8B2F1500-5E20-4022-B1DA-A43380F1784E}.Release|x64.Build.0 = Release|x64
		{429344A0-192C-4E32-A44E-4F98D4156296}.Debug|x64.ActiveCfg = Debug|x64
		{429344A0-192C-4E32-A44E-4F98D4156296}.Debug|x64.Build.0 = Debug|x64
		{429344A0-192C-4E32-A44E-4F98D4156296}.Release|x64.ActiveCfg = Release|x64
		{429344A0-192C-4E32-A44E-4F98D4156296}.Release|x64.Build.0 = Release|x64
		{B2FB629E-1FBA-4200-BAF1-C72916165827}.Debug|x64.ActiveCfg = Debug|x64
		{B2FB629E-1FBA-4200-BAF1-C72916165827}.Debug|x64.Build.0 = Debug|x64
		{B2FB629E-1FBA-4200-BAF1-C72916165827}.Release|x64.ActiveCfg = Release|x64
		{B2FB629E-1FBA-4200-BAF1-C72916165827}.Release|x64.Build.0 = Release|x64
	EndGlobalSection
	GlobalSection(SolutionProperties) = preSolution
		HideSolutionNode = FALSE
	EndGlobalSection
	GlobalSection(ExtensibilityGlobals) = postSolution
		SolutionGuid = {9D62F5DE-BB99-4590-BDC1-A4CDCE2EDA8A}
	EndGlobalSection
EndGlobal
